
Microsoft Visual Studio Solution File, Format Version 12.00
# Visual Studio 2012
Project("{FAE04EC0-301F-11D3-BF4B-00C04F79EFBC}") = "cs-proj", "cs-proj\cs-proj.csproj", "{FD371CC8-887B-4264-9616-709C97992C4F}"
EndProject
Global
	GlobalSection(SolutionConfigurationPlatforms) = preSolution
		Debug|Any CPU = Debug|Any CPU
		Release|Any CPU = Release|Any CPU
	EndGlobalSection
	GlobalSection(ProjectConfigurationPlatforms) = postSolution
		{FD371CC8-887B-4264-9616-709C97992C4F}.Debug|Any CPU.ActiveCfg = Debug|Any CPU
		{FD371CC8-887B-4264-9616-709C97992C4F}.Debug|Any CPU.Build.0 = Debug|Any CPU
		{FD371CC8-887B-4264-9616-709C97992C4F}.Release|Any CPU.ActiveCfg = Release|Any CPU
		{FD371CC8-887B-4264-9616-709C97992C4F}.Release|Any CPU.Build.0 = Release|Any CPU
	EndGlobalSection
	GlobalSection(SolutionProperties) = preSolution
		HideSolutionNode = FALSE
	EndGlobalSection
EndGlobal
