
Microsoft Visual Studio Solution File, Format Version 12.00
# Visual Studio 2012
Project("{8BC9CEB8-8B4A-11D0-8D11-00A0C91BC942}") = "cpp-dll", "cpp-dll\cpp-dll.vcxproj", "{81FDB4E8-4DA1-4F0A-9295-3C57981DDB3A}"
EndProject
Global
	GlobalSection(SolutionConfigurationPlatforms) = preSolution
		Debug|x64 = Debug|x64
		Release|x64 = Release|x64
	EndGlobalSection
	GlobalSection(ProjectConfigurationPlatforms) = postSolution
		{81FDB4E8-4DA1-4F0A-9295-3C57981DDB3A}.Debug|x64.ActiveCfg = Debug|x64
		{81FDB4E8-4DA1-4F0A-9295-3C57981DDB3A}.Debug|x64.Build.0 = Debug|x64
		{81FDB4E8-4DA1-4F0A-9295-3C57981DDB3A}.Release|x64.ActiveCfg = Release|x64
		{81FDB4E8-4DA1-4F0A-9295-3C57981DDB3A}.Release|x64.Build.0 = Release|x64
	EndGlobalSection
	GlobalSection(SolutionProperties) = preSolution
		HideSolutionNode = FALSE
	EndGlobalSection
EndGlobal
